
Microsoft Visual Studio Solution File, Format Version 12.00
# Visual Studio Version 16
VisualStudioVersion = 16.0.30621.155
MinimumVisualStudioVersion = 10.0.40219.1
Project("{8BC9CEB8-8B4A-11D0-8D11-00A0C91BC942}") = "MEGASOFT_GPU", "MEGASOFT_GPU\MEGASOFT_GPU.vcxproj", "{51C4C1C5-4B45-4145-ADB4-386D348D9177}"
EndProject
Project("{8BC9CEB8-8B4A-11D0-8D11-00A0C91BC942}") = "MEGASOFT", "..\MEGASOFT\MEGASOFT.vcxproj", "{60AFB523-7D2D-418E-85AA-5D7809745689}"
EndProject
Global
	GlobalSection(SolutionConfigurationPlatforms) = preSolution
		Debug|x64 = Debug|x64
		Debug|x86 = Debug|x86
		Release|x64 = Release|x64
		Release|x86 = Release|x86
	EndGlobalSection
	GlobalSection(ProjectConfigurationPlatforms) = postSolution
		{51C4C1C5-4B45-4145-ADB4-386D348D9177}.Debug|x64.ActiveCfg = Debug|x64
		{51C4C1C5-4B45-4145-ADB4-386D348D9177}.Debug|x64.Build.0 = Debug|x64
		{51C4C1C5-4B45-4145-ADB4-386D348D9177}.Debug|x86.ActiveCfg = Debug|x64
		{51C4C1C5-4B45-4145-ADB4-386D348D9177}.Release|x64.ActiveCfg = Release|x64
		{51C4C1C5-4B45-4145-ADB4-386D348D9177}.Release|x64.Build.0 = Release|x64
		{51C4C1C5-4B45-4145-ADB4-386D348D9177}.Release|x86.ActiveCfg = Release|x64
		{60AFB523-7D2D-418E-85AA-5D7809745689}.Debug|x64.ActiveCfg = Debug|x64
		{60AFB523-7D2D-418E-85AA-5D7809745689}.Debug|x64.Build.0 = Debug|x64
		{60AFB523-7D2D-418E-85AA-5D7809745689}.Debug|x86.ActiveCfg = Debug|Win32
		{60AFB523-7D2D-418E-85AA-5D7809745689}.Debug|x86.Build.0 = Debug|Win32
		{60AFB523-7D2D-418E-85AA-5D7809745689}.Release|x64.ActiveCfg = Release|x64
		{60AFB523-7D2D-418E-85AA-5D7809745689}.Release|x64.Build.0 = Release|x64
		{60AFB523-7D2D-418E-85AA-5D7809745689}.Release|x86.ActiveCfg = Release|Win32
		{60AFB523-7D2D-418E-85AA-5D7809745689}.Release|x86.Build.0 = Release|Win32
	EndGlobalSection
	GlobalSection(SolutionProperties) = preSolution
		HideSolutionNode = FALSE
	EndGlobalSection
	GlobalSection(ExtensibilityGlobals) = postSolution
		SolutionGuid = {5E75533B-6686-45BA-A532-AFD4E829EAF9}
	EndGlobalSection
EndGlobal
